// !$*UTF8*$!
{
	archiveVersion = 1;
	classes = {
	};
	objectVersion = 46;
	objects = {

/* Begin PBXBuildFile section */
		748C27F51A57A1DC00612DA4 /* AppDelegate.swift in Sources */ = {isa = PBXBuildFile; fileRef = 748C27F41A57A1DC00612DA4 /* AppDelegate.swift */; };
		748C27FA1A57A1DC00612DA4 /* Main.storyboard in Resources */ = {isa = PBXBuildFile; fileRef = 748C27F81A57A1DC00612DA4 /* Main.storyboard */; };
		748C27FC1A57A1DC00612DA4 /* Images.xcassets in Resources */ = {isa = PBXBuildFile; fileRef = 748C27FB1A57A1DC00612DA4 /* Images.xcassets */; };
		748C27FF1A57A1DC00612DA4 /* LaunchScreen.xib in Resources */ = {isa = PBXBuildFile; fileRef = 748C27FD1A57A1DC00612DA4 /* LaunchScreen.xib */; };
		748C280B1A57A1DD00612DA4 /* weatherReportTests.swift in Sources */ = {isa = PBXBuildFile; fileRef = 748C280A1A57A1DD00612DA4 /* weatherReportTests.swift */; };
		748C28151A57A39D00612DA4 /* TableViewController.swift in Sources */ = {isa = PBXBuildFile; fileRef = 748C28141A57A39D00612DA4 /* TableViewController.swift */; };
		748C28171A57A3DF00612DA4 /* CellViewController.swift in Sources */ = {isa = PBXBuildFile; fileRef = 748C28161A57A3DF00612DA4 /* CellViewController.swift */; };
		748C28191A57F71100612DA4 /* ModelLocator.swift in Sources */ = {isa = PBXBuildFile; fileRef = 748C28181A57F71100612DA4 /* ModelLocator.swift */; };
		748C281B1A57F78400612DA4 /* EventModel.swift in Sources */ = {isa = PBXBuildFile; fileRef = 748C281A1A57F78400612DA4 /* EventModel.swift */; };
		748C281F1A57FEE700612DA4 /* Const.swift in Sources */ = {isa = PBXBuildFile; fileRef = 748C281E1A57FEE700612DA4 /* Const.swift */; };
/* End PBXBuildFile section */

/* Begin PBXContainerItemProxy section */
		748C28051A57A1DD00612DA4 /* PBXContainerItemProxy */ = {
			isa = PBXContainerItemProxy;
			containerPortal = 748C27E71A57A1DC00612DA4 /* Project object */;
			proxyType = 1;
			remoteGlobalIDString = 748C27EE1A57A1DC00612DA4;
			remoteInfo = weatherReport;
		};
/* End PBXContainerItemProxy section */

/* Begin PBXFileReference section */
		748C27EF1A57A1DC00612DA4 /* weatherReport.app */ = {isa = PBXFileReference; explicitFileType = wrapper.application; includeInIndex = 0; path = weatherReport.app; sourceTree = BUILT_PRODUCTS_DIR; };
		748C27F31A57A1DC00612DA4 /* Info.plist */ = {isa = PBXFileReference; lastKnownFileType = text.plist.xml; path = Info.plist; sourceTree = "<group>"; };
		748C27F41A57A1DC00612DA4 /* AppDelegate.swift */ = {isa = PBXFileReference; lastKnownFileType = sourcecode.swift; path = AppDelegate.swift; sourceTree = "<group>"; };
		748C27F91A57A1DC00612DA4 /* Base */ = {isa = PBXFileReference; lastKnownFileType = file.storyboard; name = Base; path = Base.lproj/Main.storyboard; sourceTree = "<group>"; };
		748C27FB1A57A1DC00612DA4 /* Images.xcassets */ = {isa = PBXFileReference; lastKnownFileType = folder.assetcatalog; path = Images.xcassets; sourceTree = "<group>"; };
		748C27FE1A57A1DC00612DA4 /* Base */ = {isa = PBXFileReference; lastKnownFileType = file.xib; name = Base; path = Base.lproj/LaunchScreen.xib; sourceTree = "<group>"; };
		748C28041A57A1DD00612DA4 /* weatherReportTests.xctest */ = {isa = PBXFileReference; explicitFileType = wrapper.cfbundle; includeInIndex = 0; path = weatherReportTests.xctest; sourceTree = BUILT_PRODUCTS_DIR; };
		748C28091A57A1DD00612DA4 /* Info.plist */ = {isa = PBXFileReference; lastKnownFileType = text.plist.xml; path = Info.plist; sourceTree = "<group>"; };
		748C280A1A57A1DD00612DA4 /* weatherReportTests.swift */ = {isa = PBXFileReference; lastKnownFileType = sourcecode.swift; path = weatherReportTests.swift; sourceTree = "<group>"; };
		748C28141A57A39D00612DA4 /* TableViewController.swift */ = {isa = PBXFileReference; fileEncoding = 4; lastKnownFileType = sourcecode.swift; path = TableViewController.swift; sourceTree = "<group>"; };
		748C28161A57A3DF00612DA4 /* CellViewController.swift */ = {isa = PBXFileReference; fileEncoding = 4; lastKnownFileType = sourcecode.swift; path = CellViewController.swift; sourceTree = "<group>"; };
		748C28181A57F71100612DA4 /* ModelLocator.swift */ = {isa = PBXFileReference; fileEncoding = 4; lastKnownFileType = sourcecode.swift; path = ModelLocator.swift; sourceTree = "<group>"; };
		748C281A1A57F78400612DA4 /* EventModel.swift */ = {isa = PBXFileReference; fileEncoding = 4; lastKnownFileType = sourcecode.swift; path = EventModel.swift; sourceTree = "<group>"; };
		748C281E1A57FEE700612DA4 /* Const.swift */ = {isa = PBXFileReference; fileEncoding = 4; lastKnownFileType = sourcecode.swift; path = Const.swift; sourceTree = "<group>"; };
/* End PBXFileReference section */

/* Begin PBXFrameworksBuildPhase section */
		748C27EC1A57A1DC00612DA4 /* Frameworks */ = {
			isa = PBXFrameworksBuildPhase;
			buildActionMask = 2147483647;
			files = (
			);
			runOnlyForDeploymentPostprocessing = 0;
		};
		748C28011A57A1DD00612DA4 /* Frameworks */ = {
			isa = PBXFrameworksBuildPhase;
			buildActionMask = 2147483647;
			files = (
			);
			runOnlyForDeploymentPostprocessing = 0;
		};
/* End PBXFrameworksBuildPhase section */

/* Begin PBXGroup section */
		748C27E61A57A1DC00612DA4 = {
			isa = PBXGroup;
			children = (
				748C27F11A57A1DC00612DA4 /* weatherReport */,
				748C28071A57A1DD00612DA4 /* weatherReportTests */,
				748C27F01A57A1DC00612DA4 /* Products */,
			);
			sourceTree = "<group>";
		};
		748C27F01A57A1DC00612DA4 /* Products */ = {
			isa = PBXGroup;
			children = (
				748C27EF1A57A1DC00612DA4 /* weatherReport.app */,
				748C28041A57A1DD00612DA4 /* weatherReportTests.xctest */,
			);
			name = Products;
			sourceTree = "<group>";
		};
		748C27F11A57A1DC00612DA4 /* weatherReport */ = {
			isa = PBXGroup;
			children = (
				748C27F41A57A1DC00612DA4 /* AppDelegate.swift */,
				748C28161A57A3DF00612DA4 /* CellViewController.swift */,
				748C281E1A57FEE700612DA4 /* Const.swift */,
				748C281A1A57F78400612DA4 /* EventModel.swift */,
				748C28141A57A39D00612DA4 /* TableViewController.swift */,
				748C28181A57F71100612DA4 /* ModelLocator.swift */,
				748C27F81A57A1DC00612DA4 /* Main.storyboard */,
				748C27FD1A57A1DC00612DA4 /* LaunchScreen.xib */,
				748C27FB1A57A1DC00612DA4 /* Images.xcassets */,
				748C27F21A57A1DC00612DA4 /* Supporting Files */,
			);
			path = weatherReport;
			sourceTree = "<group>";
		};
		748C27F21A57A1DC00612DA4 /* Supporting Files */ = {
			isa = PBXGroup;
			children = (
				748C27F31A57A1DC00612DA4 /* Info.plist */,
			);
			name = "Supporting Files";
			sourceTree = "<group>";
		};
		748C28071A57A1DD00612DA4 /* weatherReportTests */ = {
			isa = PBXGroup;
			children = (
				748C280A1A57A1DD00612DA4 /* weatherReportTests.swift */,
				748C28081A57A1DD00612DA4 /* Supporting Files */,
			);
			path = weatherReportTests;
			sourceTree = "<group>";
		};
		748C28081A57A1DD00612DA4 /* Supporting Files */ = {
			isa = PBXGroup;
			children = (
				748C28091A57A1DD00612DA4 /* Info.plist */,
			);
			name = "Supporting Files";
			sourceTree = "<group>";
		};
/* End PBXGroup section */

/* Begin PBXNativeTarget section */
		748C27EE1A57A1DC00612DA4 /* weatherReport */ = {
			isa = PBXNativeTarget;
			buildConfigurationList = 748C280E1A57A1DD00612DA4 /* Build configuration list for PBXNativeTarget "weatherReport" */;
			buildPhases = (
				748C27EB1A57A1DC00612DA4 /* Sources */,
				748C27EC1A57A1DC00612DA4 /* Frameworks */,
				748C27ED1A57A1DC00612DA4 /* Resources */,
			);
			buildRules = (
			);
			dependencies = (
			);
			name = weatherReport;
			productName = weatherReport;
			productReference = 748C27EF1A57A1DC00612DA4 /* weatherReport.app */;
			productType = "com.apple.product-type.application";
		};
		748C28031A57A1DD00612DA4 /* weatherReportTests */ = {
			isa = PBXNativeTarget;
			buildConfigurationList = 748C28111A57A1DD00612DA4 /* Build configuration list for PBXNativeTarget "weatherReportTests" */;
			buildPhases = (
				748C28001A57A1DD00612DA4 /* Sources */,
				748C28011A57A1DD00612DA4 /* Frameworks */,
				748C28021A57A1DD00612DA4 /* Resources */,
			);
			buildRules = (
			);
			dependencies = (
				748C28061A57A1DD00612DA4 /* PBXTargetDependency */,
			);
			name = weatherReportTests;
			productName = weatherReportTests;
			productReference = 748C28041A57A1DD00612DA4 /* weatherReportTests.xctest */;
			productType = "com.apple.product-type.bundle.unit-test";
		};
/* End PBXNativeTarget section */

/* Begin PBXProject section */
		748C27E71A57A1DC00612DA4 /* Project object */ = {
			isa = PBXProject;
			attributes = {
				LastUpgradeCheck = 0610;
				ORGANIZATIONNAME = yokoyama.tatsuya;
				TargetAttributes = {
					748C27EE1A57A1DC00612DA4 = {
						CreatedOnToolsVersion = 6.1.1;
					};
					748C28031A57A1DD00612DA4 = {
						CreatedOnToolsVersion = 6.1.1;
						TestTargetID = 748C27EE1A57A1DC00612DA4;
					};
				};
			};
			buildConfigurationList = 748C27EA1A57A1DC00612DA4 /* Build configuration list for PBXProject "weatherReport" */;
			compatibilityVersion = "Xcode 3.2";
			developmentRegion = English;
			hasScannedForEncodings = 0;
			knownRegions = (
				en,
				Base,
			);
			mainGroup = 748C27E61A57A1DC00612DA4;
			productRefGroup = 748C27F01A57A1DC00612DA4 /* Products */;
			projectDirPath = "";
			projectRoot = "";
			targets = (
				748C27EE1A57A1DC00612DA4 /* weatherReport */,
				748C28031A57A1DD00612DA4 /* weatherReportTests */,
			);
		};
/* End PBXProject section */

/* Begin PBXResourcesBuildPhase section */
		748C27ED1A57A1DC00612DA4 /* Resources */ = {
			isa = PBXResourcesBuildPhase;
			buildActionMask = 2147483647;
			files = (
				748C27FA1A57A1DC00612DA4 /* Main.storyboard in Resources */,
				748C27FF1A57A1DC00612DA4 /* LaunchScreen.xib in Resources */,
				748C27FC1A57A1DC00612DA4 /* Images.xcassets in Resources */,
			);
			runOnlyForDeploymentPostprocessing = 0;
		};
		748C28021A57A1DD00612DA4 /* Resources */ = {
			isa = PBXResourcesBuildPhase;
			buildActionMask = 2147483647;
			files = (
			);
			runOnlyForDeploymentPostprocessing = 0;
		};
/* End PBXResourcesBuildPhase section */

/* Begin PBXSourcesBuildPhase section */
		748C27EB1A57A1DC00612DA4 /* Sources */ = {
			isa = PBXSourcesBuildPhase;
			buildActionMask = 2147483647;
			files = (
				748C28191A57F71100612DA4 /* ModelLocator.swift in Sources */,
				748C28151A57A39D00612DA4 /* TableViewController.swift in Sources */,
				748C28171A57A3DF00612DA4 /* CellViewController.swift in Sources */,
				748C281B1A57F78400612DA4 /* EventModel.swift in Sources */,
				748C27F51A57A1DC00612DA4 /* AppDelegate.swift in Sources */,
				748C281F1A57FEE700612DA4 /* Const.swift in Sources */,
			);
			runOnlyForDeploymentPostprocessing = 0;
		};
		748C28001A57A1DD00612DA4 /* Sources */ = {
			isa = PBXSourcesBuildPhase;
			buildActionMask = 2147483647;
			files = (
				748C280B1A57A1DD00612DA4 /* weatherReportTests.swift in Sources */,
			);
			runOnlyForDeploymentPostprocessing = 0;
		};
/* End PBXSourcesBuildPhase section */

/* Begin PBXTargetDependency section */
		748C28061A57A1DD00612DA4 /* PBXTargetDependency */ = {
			isa = PBXTargetDependency;
			target = 748C27EE1A57A1DC00612DA4 /* weatherReport */;
			targetProxy = 748C28051A57A1DD00612DA4 /* PBXContainerItemProxy */;
		};
/* End PBXTargetDependency section */

/* Begin PBXVariantGroup section */
		748C27F81A57A1DC00612DA4 /* Main.storyboard */ = {
			isa = PBXVariantGroup;
			children = (
				748C27F91A57A1DC00612DA4 /* Base */,
			);
			name = Main.storyboard;
			sourceTree = "<group>";
		};
		748C27FD1A57A1DC00612DA4 /* LaunchScreen.xib */ = {
			isa = PBXVariantGroup;
			children = (
				748C27FE1A57A1DC00612DA4 /* Base */,
			);
			name = LaunchScreen.xib;
			sourceTree = "<group>";
		};
/* End PBXVariantGroup section */

/* Begin XCBuildConfiguration section */
		748C280C1A57A1DD00612DA4 /* Debug */ = {
			isa = XCBuildConfiguration;
			buildSettings = {
				ALWAYS_SEARCH_USER_PATHS = NO;
				CLANG_CXX_LANGUAGE_STANDARD = "gnu++0x";
				CLANG_CXX_LIBRARY = "libc++";
				CLANG_ENABLE_MODULES = YES;
				CLANG_ENABLE_OBJC_ARC = YES;
				CLANG_WARN_BOOL_CONVERSION = YES;
				CLANG_WARN_CONSTANT_CONVERSION = YES;
				CLANG_WARN_DIRECT_OBJC_ISA_USAGE = YES_ERROR;
				CLANG_WARN_EMPTY_BODY = YES;
				CLANG_WARN_ENUM_CONVERSION = YES;
				CLANG_WARN_INT_CONVERSION = YES;
				CLANG_WARN_OBJC_ROOT_CLASS = YES_ERROR;
				CLANG_WARN_UNREACHABLE_CODE = YES;
				CLANG_WARN__DUPLICATE_METHOD_MATCH = YES;
				"CODE_SIGN_IDENTITY[sdk=iphoneos*]" = "iPhone Developer";
				COPY_PHASE_STRIP = NO;
				ENABLE_STRICT_OBJC_MSGSEND = YES;
				GCC_C_LANGUAGE_STANDARD = gnu99;
				GCC_DYNAMIC_NO_PIC = NO;
				GCC_OPTIMIZATION_LEVEL = 0;
				GCC_PREPROCESSOR_DEFINITIONS = (
					"DEBUG=1",
					"$(inherited)",
				);
				GCC_SYMBOLS_PRIVATE_EXTERN = NO;
				GCC_WARN_64_TO_32_BIT_CONVERSION = YES;
				GCC_WARN_ABOUT_RETURN_TYPE = YES_ERROR;
				GCC_WARN_UNDECLARED_SELECTOR = YES;
				GCC_WARN_UNINITIALIZED_AUTOS = YES_AGGRESSIVE;
				GCC_WARN_UNUSED_FUNCTION = YES;
				GCC_WARN_UNUSED_VARIABLE = YES;
				IPHONEOS_DEPLOYMENT_TARGET = 8.1;
				MTL_ENABLE_DEBUG_INFO = YES;
				ONLY_ACTIVE_ARCH = YES;
				SDKROOT = iphoneos;
				SWIFT_OPTIMIZATION_LEVEL = "-Onone";
			};
			name = Debug;
		};
		748C280D1A57A1DD00612DA4 /* Release */ = {
			isa = XCBuildConfiguration;
			buildSettings = {
				ALWAYS_SEARCH_USER_PATHS = NO;
				CLANG_CXX_LANGUAGE_STANDARD = "gnu++0x";
				CLANG_CXX_LIBRARY = "libc++";
				CLANG_ENABLE_MODULES = YES;
				CLANG_ENABLE_OBJC_ARC = YES;
				CLANG_WARN_BOOL_CONVERSION = YES;
				CLANG_WARN_CONSTANT_CONVERSION = YES;
				CLANG_WARN_DIRECT_OBJC_ISA_USAGE = YES_ERROR;
				CLANG_WARN_EMPTY_BODY = YES;
				CLANG_WARN_ENUM_CONVERSION = YES;
				CLANG_WARN_INT_CONVERSION = YES;
				CLANG_WARN_OBJC_ROOT_CLASS = YES_ERROR;
				CLANG_WARN_UNREACHABLE_CODE = YES;
				CLANG_WARN__DUPLICATE_METHOD_MATCH = YES;
				"CODE_SIGN_IDENTITY[sdk=iphoneos*]" = "iPhone Developer";
				COPY_PHASE_STRIP = YES;
				ENABLE_NS_ASSERTIONS = NO;
				ENABLE_STRICT_OBJC_MSGSEND = YES;
				GCC_C_LANGUAGE_STANDARD = gnu99;
				GCC_WARN_64_TO_32_BIT_CONVERSION = YES;
				GCC_WARN_ABOUT_RETURN_TYPE = YES_ERROR;
				GCC_WARN_UNDECLARED_SELECTOR = YES;
				GCC_WARN_UNINITIALIZED_AUTOS = YES_AGGRESSIVE;
				GCC_WARN_UNUSED_FUNCTION = YES;
				GCC_WARN_UNUSED_VARIABLE = YES;
				IPHONEOS_DEPLOYMENT_TARGET = 8.1;
				MTL_ENABLE_DEBUG_INFO = NO;
				SDKROOT = iphoneos;
				VALIDATE_PRODUCT = YES;
			};
			name = Release;
		};
		748C280F1A57A1DD00612DA4 /* Debug */ = {
			isa = XCBuildConfiguration;
			buildSettings = {
				ASSETCATALOG_COMPILER_APPICON_NAME = AppIcon;
				INFOPLIST_FILE = weatherReport/Info.plist;
				LD_RUNPATH_SEARCH_PATHS = "$(inherited) @executable_path/Frameworks";
				PRODUCT_NAME = "$(TARGET_NAME)";
			};
			name = Debug;
		};
		748C28101A57A1DD00612DA4 /* Release */ = {
			isa = XCBuildConfiguration;
			buildSettings = {
				ASSETCATALOG_COMPILER_APPICON_NAME = AppIcon;
				INFOPLIST_FILE = weatherReport/Info.plist;
				LD_RUNPATH_SEARCH_PATHS = "$(inherited) @executable_path/Frameworks";
				PRODUCT_NAME = "$(TARGET_NAME)";
			};
			name = Release;
		};
		748C28121A57A1DD00612DA4 /* Debug */ = {
			isa = XCBuildConfiguration;
			buildSettings = {
				BUNDLE_LOADER = "$(TEST_HOST)";
				FRAMEWORK_SEARCH_PATHS = (
					"$(SDKROOT)/Developer/Library/Frameworks",
					"$(inherited)",
				);
				GCC_PREPROCESSOR_DEFINITIONS = (
					"DEBUG=1",
					"$(inherited)",
				);
				INFOPLIST_FILE = weatherReportTests/Info.plist;
				LD_RUNPATH_SEARCH_PATHS = "$(inherited) @executable_path/Frameworks @loader_path/Frameworks";
				PRODUCT_NAME = "$(TARGET_NAME)";
				TEST_HOST = "$(BUILT_PRODUCTS_DIR)/weatherReport.app/weatherReport";
			};
			name = Debug;
		};
		748C28131A57A1DD00612DA4 /* Release */ = {
			isa = XCBuildConfiguration;
			buildSettings = {
				BUNDLE_LOADER = "$(TEST_HOST)";
				FRAMEWORK_SEARCH_PATHS = (
					"$(SDKROOT)/Developer/Library/Frameworks",
					"$(inherited)",
				);
				INFOPLIST_FILE = weatherReportTests/Info.plist;
				LD_RUNPATH_SEARCH_PATHS = "$(inherited) @executable_path/Frameworks @loader_path/Frameworks";
				PRODUCT_NAME = "$(TARGET_NAME)";
				TEST_HOST = "$(BUILT_PRODUCTS_DIR)/weatherReport.app/weatherReport";
			};
			name = Release;
		};
/* End XCBuildConfiguration section */

/* Begin XCConfigurationList section */
		748C27EA1A57A1DC00612DA4 /* Build configuration list for PBXProject "weatherReport" */ = {
			isa = XCConfigurationList;
			buildConfigurations = (
				748C280C1A57A1DD00612DA4 /* Debug */,
				748C280D1A57A1DD00612DA4 /* Release */,
			);
			defaultConfigurationIsVisible = 0;
			defaultConfigurationName = Release;
		};
		748C280E1A57A1DD00612DA4 /* Build configuration list for PBXNativeTarget "weatherReport" */ = {
			isa = XCConfigurationList;
			buildConfigurations = (
				748C280F1A57A1DD00612DA4 /* Debug */,
				748C28101A57A1DD00612DA4 /* Release */,
			);
			defaultConfigurationIsVisible = 0;
		};
		748C28111A57A1DD00612DA4 /* Build configuration list for PBXNativeTarget "weatherReportTests" */ = {
			isa = XCConfigurationList;
			buildConfigurations = (
				748C28121A57A1DD00612DA4 /* Debug */,
				748C28131A57A1DD00612DA4 /* Release */,
			);
			defaultConfigurationIsVisible = 0;
		};
/* End XCConfigurationList section */
	};
	rootObject = 748C27E71A57A1DC00612DA4 /* Project object */;
}
